{
  "version": 4,
  "terraform_version": "0.14.8",
  "serial": 1,
  "lineage": "e0434b2e-8b42-94cc-6ff8-2ddeaaa60fd0",
  "outputs": {},
  "resources": [
    {
      "mode": "managed",
      "type": "helm_release",
      "name": "sonarDB",
      "provider": "provider[\"registry.terraform.io/hashicorp/helm\"]",
      "instances": [
        {
          "schema_version": 0,
          "attributes": {
            "atomic": false,
            "chart": "postgresql",
            "cleanup_on_fail": false,
            "create_namespace": false,
            "dependency_update": false,
            "description": null,
            "devel": null,
            "disable_crd_hooks": false,
            "disable_openapi_validation": false,
            "disable_webhooks": false,
            "force_update": false,
            "id": "postgresql",
            "keyring": null,
            "lint": false,
            "max_history": 0,
            "metadata": [
              {
                "app_version": "11.11.0",
                "chart": "postgresql",
                "name": "postgresql",
                "namespace": "default",
                "revision": 1,
                "values": "{\"postgresqlDatabase\":\"sonarDB\",\"postgresqlPassword\":\"sonarPass\",\"postgresqlPostgresPassword\":\"postgresRootPass\",\"postgresqlUsername\":\"sonarUser\"}",
                "version": "10.3.13"
              }
            ],
            "name": "postgresql",
            "namespace": "default",
            "postrender": [],
            "recreate_pods": false,
            "render_subchart_notes": true,
            "replace": false,
            "repository": "https://charts.bitnami.com/bitnami",
            "repository_ca_file": null,
            "repository_cert_file": null,
            "repository_key_file": null,
            "repository_password": null,
            "repository_username": null,
            "reset_values": false,
            "reuse_values": false,
            "set": [
              {
                "name": "postgresqlDatabase",
                "type": "",
                "value": "sonarDB"
              },
              {
                "name": "postgresqlPassword",
                "type": "",
                "value": "sonarPass"
              },
              {
                "name": "postgresqlPostgresPassword",
                "type": "",
                "value": "postgresRootPass"
              },
              {
                "name": "postgresqlUsername",
                "type": "",
                "value": "sonarUser"
              }
            ],
            "set_sensitive": [],
            "skip_crds": false,
            "status": "deployed",
            "timeout": 300,
            "values": null,
            "verify": false,
            "version": "10.3.13",
            "wait": true
          },
          "sensitive_attributes": [],
          "private": "bnVsbA=="
        }
      ]
    },
    {
      "mode": "managed",
      "type": "helm_release",
      "name": "sonarqube",
      "provider": "provider[\"registry.terraform.io/hashicorp/helm\"]",
      "instances": []
    }
  ]
}
